{
  "name": "github-workflow-test",
  "version": "12.0.0",
  "lockfileVersion": 3,
  "requires": true,
  "packages": {
    "": {
      "name": "github-workflow-test",
      "version": "12.0.0",
      "license": "ISC",
      "dependencies": {
        "@mapsindoors/midt": "^18.1.7"
      }
    },
    "node_modules/@mapsindoors/midt": {
      "version": "18.1.7",
      "resolved": "https://registry.npmjs.org/@mapsindoors/midt/-/midt-18.1.7.tgz",
      "integrity": "sha512-6FmrXGTqSHQqLdQQ5BO3i6arnivfHzogjHDVC14Ln8ySypKyxV1xWQXyTlT/5em836alMokkQ6sUAXeMXc45DA=="
    }
  }
}
